{
  "name": "@rbxts/baseplate",
  "version": "1.0.4",
  "lockfileVersion": 1,
  "requires": true,
  "dependencies": {
    "@rbxts/compiler-types": {
      "version": "1.1.1-types.5",
      "resolved": "https://registry.npmjs.org/@rbxts/compiler-types/-/compiler-types-1.1.1-types.5.tgz",
      "integrity": "sha512-xnFLpXXYgihr5lbjeHOvAupEAJRD2yjgRpg6g4MDp+WzcIFdRGVxaIL40o4CAOvkEH5EjtTO/krDPz4NAJHfdA==",
      "dev": true
    },
    "@rbxts/types": {
      "version": "1.0.502",
      "resolved": "https://registry.npmjs.org/@rbxts/types/-/types-1.0.502.tgz",
      "integrity": "sha512-RuBTNWFzMfc8ma88g/agQc6M+ak+vbWWksH2+9o57C80cA68pW4Gzenxi/anlLpjIckIIKPeff2y5Ot3v7rP+Q==",
      "dev": true
    }
  }
}
